# This file is autogenerated, do not edit; changes may be undone by the next 'dep ensure'.


[[projects]]
  name = "github.com/fnproject/fdk-go"
  packages = [
    ".",
    "utils"
  ]
  revision = "21090251067e522088bf343f6d1ec216eec1502e"

[solve-meta]
  analyzer-name = "dep"
  analyzer-version = 1
  inputs-digest = "3081b1c9cc687eeb189250fa6f665198cab11c2762920bd5d045bd3a4eaa9303"
  solver-name = "gps-cdcl"
  solver-version = 1
