# This file is autogenerated, do not edit; changes may be undone by the next 'dep ensure'.


[[projects]]
  name = "github.com/fnproject/fdk-go"
  packages = [
    ".",
    "utils"
  ]
  revision = "b7dbe300389ea75640ba4a220475decf2997fae9"

[solve-meta]
  analyzer-name = "dep"
  analyzer-version = 1
  inputs-digest = "7c7c070b6d06492bda7cdae73b1a093369644a37bc5e1f05eaf7620d5b271e76"
  solver-name = "gps-cdcl"
  solver-version = 1
